// !$*UTF8*$!
{
	archiveVersion = 1;
	classes = {
	};
	objectVersion = 46;
	objects = {

/* Begin PBXBuildFile section */
		7B233E481E74D8C40074C417 /* DetailViewController.swift in Sources */ = {isa = PBXBuildFile; fileRef = 7B233E471E74D8C40074C417 /* DetailViewController.swift */; };
		7B233E571E74E33B0074C417 /* PlacesMO+CoreDataClass.swift in Sources */ = {isa = PBXBuildFile; fileRef = 7B233E551E74E33B0074C417 /* PlacesMO+CoreDataClass.swift */; };
		7B233E581E74E33B0074C417 /* PlacesMO+CoreDataProperties.swift in Sources */ = {isa = PBXBuildFile; fileRef = 7B233E561E74E33B0074C417 /* PlacesMO+CoreDataProperties.swift */; };
		7B233E5A1E74E4700074C417 /* NewPlaceViewController.swift in Sources */ = {isa = PBXBuildFile; fileRef = 7B233E591E74E4700074C417 /* NewPlaceViewController.swift */; };
		7B233E5E1E75024C0074C417 /* MyCustomCell.swift in Sources */ = {isa = PBXBuildFile; fileRef = 7B233E5D1E75024C0074C417 /* MyCustomCell.swift */; };
		7B36AD241E747110008E09E2 /* AppDelegate.swift in Sources */ = {isa = PBXBuildFile; fileRef = 7B36AD231E747110008E09E2 /* AppDelegate.swift */; };
		7B36AD261E747110008E09E2 /* ViewController.swift in Sources */ = {isa = PBXBuildFile; fileRef = 7B36AD251E747110008E09E2 /* ViewController.swift */; };
		7B36AD291E747110008E09E2 /* Main.storyboard in Resources */ = {isa = PBXBuildFile; fileRef = 7B36AD271E747110008E09E2 /* Main.storyboard */; };
		7B36AD2C1E747110008E09E2 /* Travel_App.xcdatamodeld in Sources */ = {isa = PBXBuildFile; fileRef = 7B36AD2A1E747110008E09E2 /* Travel_App.xcdatamodeld */; };
		7B36AD2E1E747110008E09E2 /* Assets.xcassets in Resources */ = {isa = PBXBuildFile; fileRef = 7B36AD2D1E747110008E09E2 /* Assets.xcassets */; };
		7B36AD311E747110008E09E2 /* LaunchScreen.storyboard in Resources */ = {isa = PBXBuildFile; fileRef = 7B36AD2F1E747110008E09E2 /* LaunchScreen.storyboard */; };
		7BEC391B1E751519000A3C98 /* UpdateViewController.swift in Sources */ = {isa = PBXBuildFile; fileRef = 7BEC391A1E751519000A3C98 /* UpdateViewController.swift */; };
/* End PBXBuildFile section */

/* Begin PBXFileReference section */
		7B233E471E74D8C40074C417 /* DetailViewController.swift */ = {isa = PBXFileReference; fileEncoding = 4; lastKnownFileType = sourcecode.swift; path = DetailViewController.swift; sourceTree = "<group>"; };
		7B233E551E74E33B0074C417 /* PlacesMO+CoreDataClass.swift */ = {isa = PBXFileReference; fileEncoding = 4; lastKnownFileType = sourcecode.swift; name = "PlacesMO+CoreDataClass.swift"; path = "../PlacesMO+CoreDataClass.swift"; sourceTree = "<group>"; };
		7B233E561E74E33B0074C417 /* PlacesMO+CoreDataProperties.swift */ = {isa = PBXFileReference; fileEncoding = 4; lastKnownFileType = sourcecode.swift; name = "PlacesMO+CoreDataProperties.swift"; path = "../PlacesMO+CoreDataProperties.swift"; sourceTree = "<group>"; };
		7B233E591E74E4700074C417 /* NewPlaceViewController.swift */ = {isa = PBXFileReference; fileEncoding = 4; lastKnownFileType = sourcecode.swift; path = NewPlaceViewController.swift; sourceTree = "<group>"; };
		7B233E5D1E75024C0074C417 /* MyCustomCell.swift */ = {isa = PBXFileReference; fileEncoding = 4; lastKnownFileType = sourcecode.swift; name = MyCustomCell.swift; path = ../MyCustomCell.swift; sourceTree = "<group>"; };
		7B36AD201E747110008E09E2 /* Travel-App.app */ = {isa = PBXFileReference; explicitFileType = wrapper.application; includeInIndex = 0; path = "Travel-App.app"; sourceTree = BUILT_PRODUCTS_DIR; };
		7B36AD231E747110008E09E2 /* AppDelegate.swift */ = {isa = PBXFileReference; lastKnownFileType = sourcecode.swift; path = AppDelegate.swift; sourceTree = "<group>"; };
		7B36AD251E747110008E09E2 /* ViewController.swift */ = {isa = PBXFileReference; lastKnownFileType = sourcecode.swift; path = ViewController.swift; sourceTree = "<group>"; };
		7B36AD281E747110008E09E2 /* Base */ = {isa = PBXFileReference; lastKnownFileType = file.storyboard; name = Base; path = Base.lproj/Main.storyboard; sourceTree = "<group>"; };
		7B36AD2B1E747110008E09E2 /* Travel_App.xcdatamodel */ = {isa = PBXFileReference; lastKnownFileType = wrapper.xcdatamodel; path = Travel_App.xcdatamodel; sourceTree = "<group>"; };
		7B36AD2D1E747110008E09E2 /* Assets.xcassets */ = {isa = PBXFileReference; lastKnownFileType = folder.assetcatalog; path = Assets.xcassets; sourceTree = "<group>"; };
		7B36AD301E747110008E09E2 /* Base */ = {isa = PBXFileReference; lastKnownFileType = file.storyboard; name = Base; path = Base.lproj/LaunchScreen.storyboard; sourceTree = "<group>"; };
		7B36AD321E747110008E09E2 /* Info.plist */ = {isa = PBXFileReference; lastKnownFileType = text.plist.xml; path = Info.plist; sourceTree = "<group>"; };
		7BEC391A1E751519000A3C98 /* UpdateViewController.swift */ = {isa = PBXFileReference; fileEncoding = 4; lastKnownFileType = sourcecode.swift; path = UpdateViewController.swift; sourceTree = "<group>"; };
/* End PBXFileReference section */

/* Begin PBXFrameworksBuildPhase section */
		7B36AD1D1E74710F008E09E2 /* Frameworks */ = {
			isa = PBXFrameworksBuildPhase;
			buildActionMask = 2147483647;
			files = (
			);
			runOnlyForDeploymentPostprocessing = 0;
		};
/* End PBXFrameworksBuildPhase section */

/* Begin PBXGroup section */
		7B36AD171E74710F008E09E2 = {
			isa = PBXGroup;
			children = (
				7B36AD221E747110008E09E2 /* Travel-App */,
				7B36AD211E747110008E09E2 /* Products */,
			);
			sourceTree = "<group>";
		};
		7B36AD211E747110008E09E2 /* Products */ = {
			isa = PBXGroup;
			children = (
				7B36AD201E747110008E09E2 /* Travel-App.app */,
			);
			name = Products;
			sourceTree = "<group>";
		};
		7B36AD221E747110008E09E2 /* Travel-App */ = {
			isa = PBXGroup;
			children = (
				7B233E5D1E75024C0074C417 /* MyCustomCell.swift */,
				7B233E551E74E33B0074C417 /* PlacesMO+CoreDataClass.swift */,
				7B233E561E74E33B0074C417 /* PlacesMO+CoreDataProperties.swift */,
				7B36AD231E747110008E09E2 /* AppDelegate.swift */,
				7B36AD251E747110008E09E2 /* ViewController.swift */,
				7B36AD271E747110008E09E2 /* Main.storyboard */,
				7BEC391A1E751519000A3C98 /* UpdateViewController.swift */,
				7B233E591E74E4700074C417 /* NewPlaceViewController.swift */,
				7B233E471E74D8C40074C417 /* DetailViewController.swift */,
				7B36AD2D1E747110008E09E2 /* Assets.xcassets */,
				7B36AD2F1E747110008E09E2 /* LaunchScreen.storyboard */,
				7B36AD321E747110008E09E2 /* Info.plist */,
				7B36AD2A1E747110008E09E2 /* Travel_App.xcdatamodeld */,
			);
			path = "Travel-App";
			sourceTree = "<group>";
		};
/* End PBXGroup section */

/* Begin PBXNativeTarget section */
		7B36AD1F1E74710F008E09E2 /* Travel-App */ = {
			isa = PBXNativeTarget;
			buildConfigurationList = 7B36AD351E747110008E09E2 /* Build configuration list for PBXNativeTarget "Travel-App" */;
			buildPhases = (
				7B36AD1C1E74710F008E09E2 /* Sources */,
				7B36AD1D1E74710F008E09E2 /* Frameworks */,
				7B36AD1E1E74710F008E09E2 /* Resources */,
			);
			buildRules = (
			);
			dependencies = (
			);
			name = "Travel-App";
			productName = "Travel-App";
			productReference = 7B36AD201E747110008E09E2 /* Travel-App.app */;
			productType = "com.apple.product-type.application";
		};
/* End PBXNativeTarget section */

/* Begin PBXProject section */
		7B36AD181E74710F008E09E2 /* Project object */ = {
			isa = PBXProject;
			attributes = {
				LastSwiftUpdateCheck = 0820;
				LastUpgradeCheck = 0820;
				ORGANIZATIONNAME = asu;
				TargetAttributes = {
					7B36AD1F1E74710F008E09E2 = {
						CreatedOnToolsVersion = 8.2.1;
						ProvisioningStyle = Automatic;
					};
				};
			};
			buildConfigurationList = 7B36AD1B1E74710F008E09E2 /* Build configuration list for PBXProject "Travel-App" */;
			compatibilityVersion = "Xcode 3.2";
			developmentRegion = English;
			hasScannedForEncodings = 0;
			knownRegions = (
				en,
				Base,
			);
			mainGroup = 7B36AD171E74710F008E09E2;
			productRefGroup = 7B36AD211E747110008E09E2 /* Products */;
			projectDirPath = "";
			projectRoot = "";
			targets = (
				7B36AD1F1E74710F008E09E2 /* Travel-App */,
			);
		};
/* End PBXProject section */

/* Begin PBXResourcesBuildPhase section */
		7B36AD1E1E74710F008E09E2 /* Resources */ = {
			isa = PBXResourcesBuildPhase;
			buildActionMask = 2147483647;
			files = (
				7B36AD311E747110008E09E2 /* LaunchScreen.storyboard in Resources */,
				7B36AD2E1E747110008E09E2 /* Assets.xcassets in Resources */,
				7B36AD291E747110008E09E2 /* Main.storyboard in Resources */,
			);
			runOnlyForDeploymentPostprocessing = 0;
		};
/* End PBXResourcesBuildPhase section */

/* Begin PBXSourcesBuildPhase section */
		7B36AD1C1E74710F008E09E2 /* Sources */ = {
			isa = PBXSourcesBuildPhase;
			buildActionMask = 2147483647;
			files = (
				7B233E571E74E33B0074C417 /* PlacesMO+CoreDataClass.swift in Sources */,
				7B233E581E74E33B0074C417 /* PlacesMO+CoreDataProperties.swift in Sources */,
				7BEC391B1E751519000A3C98 /* UpdateViewController.swift in Sources */,
				7B36AD2C1E747110008E09E2 /* Travel_App.xcdatamodeld in Sources */,
				7B36AD261E747110008E09E2 /* ViewController.swift in Sources */,
				7B233E5A1E74E4700074C417 /* NewPlaceViewController.swift in Sources */,
				7B36AD241E747110008E09E2 /* AppDelegate.swift in Sources */,
				7B233E5E1E75024C0074C417 /* MyCustomCell.swift in Sources */,
				7B233E481E74D8C40074C417 /* DetailViewController.swift in Sources */,
			);
			runOnlyForDeploymentPostprocessing = 0;
		};
/* End PBXSourcesBuildPhase section */

/* Begin PBXVariantGroup section */
		7B36AD271E747110008E09E2 /* Main.storyboard */ = {
			isa = PBXVariantGroup;
			children = (
				7B36AD281E747110008E09E2 /* Base */,
			);
			name = Main.storyboard;
			sourceTree = "<group>";
		};
		7B36AD2F1E747110008E09E2 /* LaunchScreen.storyboard */ = {
			isa = PBXVariantGroup;
			children = (
				7B36AD301E747110008E09E2 /* Base */,
			);
			name = LaunchScreen.storyboard;
			sourceTree = "<group>";
		};
/* End PBXVariantGroup section */

/* Begin XCBuildConfiguration section */
		7B36AD331E747110008E09E2 /* Debug */ = {
			isa = XCBuildConfiguration;
			buildSettings = {
				ALWAYS_SEARCH_USER_PATHS = NO;
				CLANG_ANALYZER_NONNULL = YES;
				CLANG_CXX_LANGUAGE_STANDARD = "gnu++0x";
				CLANG_CXX_LIBRARY = "libc++";
				CLANG_ENABLE_MODULES = YES;
				CLANG_ENABLE_OBJC_ARC = YES;
				CLANG_WARN_BOOL_CONVERSION = YES;
				CLANG_WARN_CONSTANT_CONVERSION = YES;
				CLANG_WARN_DIRECT_OBJC_ISA_USAGE = YES_ERROR;
				CLANG_WARN_DOCUMENTATION_COMMENTS = YES;
				CLANG_WARN_EMPTY_BODY = YES;
				CLANG_WARN_ENUM_CONVERSION = YES;
				CLANG_WARN_INFINITE_RECURSION = YES;
				CLANG_WARN_INT_CONVERSION = YES;
				CLANG_WARN_OBJC_ROOT_CLASS = YES_ERROR;
				CLANG_WARN_SUSPICIOUS_MOVE = YES;
				CLANG_WARN_UNREACHABLE_CODE = YES;
				CLANG_WARN__DUPLICATE_METHOD_MATCH = YES;
				"CODE_SIGN_IDENTITY[sdk=iphoneos*]" = "iPhone Developer";
				COPY_PHASE_STRIP = NO;
				DEBUG_INFORMATION_FORMAT = dwarf;
				ENABLE_STRICT_OBJC_MSGSEND = YES;
				ENABLE_TESTABILITY = YES;
				GCC_C_LANGUAGE_STANDARD = gnu99;
				GCC_DYNAMIC_NO_PIC = NO;
				GCC_NO_COMMON_BLOCKS = YES;
				GCC_OPTIMIZATION_LEVEL = 0;
				GCC_PREPROCESSOR_DEFINITIONS = (
					"DEBUG=1",
					"$(inherited)",
				);
				GCC_WARN_64_TO_32_BIT_CONVERSION = YES;
				GCC_WARN_ABOUT_RETURN_TYPE = YES_ERROR;
				GCC_WARN_UNDECLARED_SELECTOR = YES;
				GCC_WARN_UNINITIALIZED_AUTOS = YES_AGGRESSIVE;
				GCC_WARN_UNUSED_FUNCTION = YES;
				GCC_WARN_UNUSED_VARIABLE = YES;
				IPHONEOS_DEPLOYMENT_TARGET = 10.2;
				MTL_ENABLE_DEBUG_INFO = YES;
				ONLY_ACTIVE_ARCH = YES;
				SDKROOT = iphoneos;
				SWIFT_ACTIVE_COMPILATION_CONDITIONS = DEBUG;
				SWIFT_OPTIMIZATION_LEVEL = "-Onone";
			};
			name = Debug;
		};
		7B36AD341E747110008E09E2 /* Release */ = {
			isa = XCBuildConfiguration;
			buildSettings = {
				ALWAYS_SEARCH_USER_PATHS = NO;
				CLANG_ANALYZER_NONNULL = YES;
				CLANG_CXX_LANGUAGE_STANDARD = "gnu++0x";
				CLANG_CXX_LIBRARY = "libc++";
				CLANG_ENABLE_MODULES = YES;
				CLANG_ENABLE_OBJC_ARC = YES;
				CLANG_WARN_BOOL_CONVERSION = YES;
				CLANG_WARN_CONSTANT_CONVERSION = YES;
				CLANG_WARN_DIRECT_OBJC_ISA_USAGE = YES_ERROR;
				CLANG_WARN_DOCUMENTATION_COMMENTS = YES;
				CLANG_WARN_EMPTY_BODY = YES;
				CLANG_WARN_ENUM_CONVERSION = YES;
				CLANG_WARN_INFINITE_RECURSION = YES;
				CLANG_WARN_INT_CONVERSION = YES;
				CLANG_WARN_OBJC_ROOT_CLASS = YES_ERROR;
				CLANG_WARN_SUSPICIOUS_MOVE = YES;
				CLANG_WARN_UNREACHABLE_CODE = YES;
				CLANG_WARN__DUPLICATE_METHOD_MATCH = YES;
				"CODE_SIGN_IDENTITY[sdk=iphoneos*]" = "iPhone Developer";
				COPY_PHASE_STRIP = NO;
				DEBUG_INFORMATION_FORMAT = "dwarf-with-dsym";
				ENABLE_NS_ASSERTIONS = NO;
				ENABLE_STRICT_OBJC_MSGSEND = YES;
				GCC_C_LANGUAGE_STANDARD = gnu99;
				GCC_NO_COMMON_BLOCKS = YES;
				GCC_WARN_64_TO_32_BIT_CONVERSION = YES;
				GCC_WARN_ABOUT_RETURN_TYPE = YES_ERROR;
				GCC_WARN_UNDECLARED_SELECTOR = YES;
				GCC_WARN_UNINITIALIZED_AUTOS = YES_AGGRESSIVE;
				GCC_WARN_UNUSED_FUNCTION = YES;
				GCC_WARN_UNUSED_VARIABLE = YES;
				IPHONEOS_DEPLOYMENT_TARGET = 10.2;
				MTL_ENABLE_DEBUG_INFO = NO;
				SDKROOT = iphoneos;
				SWIFT_OPTIMIZATION_LEVEL = "-Owholemodule";
				VALIDATE_PRODUCT = YES;
			};
			name = Release;
		};
		7B36AD361E747110008E09E2 /* Debug */ = {
			isa = XCBuildConfiguration;
			buildSettings = {
				ASSETCATALOG_COMPILER_APPICON_NAME = AppIcon;
				INFOPLIST_FILE = "Travel-App/Info.plist";
				LD_RUNPATH_SEARCH_PATHS = "$(inherited) @executable_path/Frameworks";
				PRODUCT_BUNDLE_IDENTIFIER = "asu.Travel-App";
				PRODUCT_NAME = "$(TARGET_NAME)";
				SWIFT_VERSION = 3.0;
			};
			name = Debug;
		};
		7B36AD371E747110008E09E2 /* Release */ = {
			isa = XCBuildConfiguration;
			buildSettings = {
				ASSETCATALOG_COMPILER_APPICON_NAME = AppIcon;
				INFOPLIST_FILE = "Travel-App/Info.plist";
				LD_RUNPATH_SEARCH_PATHS = "$(inherited) @executable_path/Frameworks";
				PRODUCT_BUNDLE_IDENTIFIER = "asu.Travel-App";
				PRODUCT_NAME = "$(TARGET_NAME)";
				SWIFT_VERSION = 3.0;
			};
			name = Release;
		};
/* End XCBuildConfiguration section */

/* Begin XCConfigurationList section */
		7B36AD1B1E74710F008E09E2 /* Build configuration list for PBXProject "Travel-App" */ = {
			isa = XCConfigurationList;
			buildConfigurations = (
				7B36AD331E747110008E09E2 /* Debug */,
				7B36AD341E747110008E09E2 /* Release */,
			);
			defaultConfigurationIsVisible = 0;
			defaultConfigurationName = Release;
		};
		7B36AD351E747110008E09E2 /* Build configuration list for PBXNativeTarget "Travel-App" */ = {
			isa = XCConfigurationList;
			buildConfigurations = (
				7B36AD361E747110008E09E2 /* Debug */,
				7B36AD371E747110008E09E2 /* Release */,
			);
			defaultConfigurationIsVisible = 0;
			defaultConfigurationName = Release;
		};
/* End XCConfigurationList section */

/* Begin XCVersionGroup section */
		7B36AD2A1E747110008E09E2 /* Travel_App.xcdatamodeld */ = {
			isa = XCVersionGroup;
			children = (
				7B36AD2B1E747110008E09E2 /* Travel_App.xcdatamodel */,
			);
			currentVersion = 7B36AD2B1E747110008E09E2 /* Travel_App.xcdatamodel */;
			path = Travel_App.xcdatamodeld;
			sourceTree = "<group>";
			versionGroupType = wrapper.xcdatamodel;
		};
/* End XCVersionGroup section */
	};
	rootObject = 7B36AD181E74710F008E09E2 /* Project object */;
}
